Microsoft Visual Studio Solution File, Format Version 12.00
# Visual Studio Version 17
VisualStudioVersion = 17.0.31903.59
MinimumVisualStudioVersion = 10.0.40219.1
Project("{2150E333-8FDC-42A3-9474-1A3956D46DE8}") = "src", "src", "{8E79883F-D3B2-4F85-B0A8-5A7A8E592B09}"
EndProject
Project("{FAE04EC0-301F-11D3-BF4B-00C04F79EFBC}") = "FastMapper", "src\FastMapper\FastMapper.csproj", "{B21EB9B7-8D6A-4722-A6C7-D9BFCE40C6D3}"
EndProject
Project("{2150E333-8FDC-42A3-9474-1A3956D46DE8}") = "tests", "tests", "{81DDAB13-9D8D-42F8-94C7-F5D694D39063}"
EndProject
Project("{FAE04EC0-301F-11D3-BF4B-00C04F79EFBC}") = "FastMapper.Tests", "tests\FastMapper.Tests\FastMapper.Tests.csproj", "{A939A2FC-7F35-4FE1-ABDD-4A47C8B23571}"
EndProject
Project("{2150E333-8FDC-42A3-9474-1A3956D46DE8}") = "benchmarks", "benchmarks", "{C0A0B5A4-D7E2-4B10-9C9A-C4833D1D5B2E}"
EndProject
Project("{FAE04EC0-301F-11D3-BF4B-00C04F79EFBC}") = "FastMapper.Benchmarks", "benchmarks\FastMapper.Benchmarks\FastMapper.Benchmarks.csproj", "{2D4BF8AF-4E3F-4F6F-A6E5-C98D7B413640}"
EndProject
Global
	GlobalSection(SolutionConfigurationPlatforms) = preSolution
		Debug|Any CPU = Debug|Any CPU
		Release|Any CPU = Release|Any CPU
	EndGlobalSection
	GlobalSection(SolutionProperties) = preSolution
		HideSolutionNode = FALSE
	EndGlobalSection
	GlobalSection(ProjectConfigurationPlatforms) = postSolution
		{B21EB9B7-8D6A-4722-A6C7-D9BFCE40C6D3}.Debug|Any CPU.ActiveCfg = Debug|Any CPU
		{B21EB9B7-8D6A-4722-A6C7-D9BFCE40C6D3}.Debug|Any CPU.Build.0 = Debug|Any CPU
		{B21EB9B7-8D6A-4722-A6C7-D9BFCE40C6D3}.Release|Any CPU.ActiveCfg = Release|Any CPU
		{B21EB9B7-8D6A-4722-A6C7-D9BFCE40C6D3}.Release|Any CPU.Build.0 = Release|Any CPU
		{A939A2FC-7F35-4FE1-ABDD-4A47C8B23571}.Debug|Any CPU.ActiveCfg = Debug|Any CPU
		{A939A2FC-7F35-4FE1-ABDD-4A47C8B23571}.Debug|Any CPU.Build.0 = Debug|Any CPU
		{A939A2FC-7F35-4FE1-ABDD-4A47C8B23571}.Release|Any CPU.ActiveCfg = Release|Any CPU
		{A939A2FC-7F35-4FE1-ABDD-4A47C8B23571}.Release|Any CPU.Build.0 = Release|Any CPU
		{2D4BF8AF-4E3F-4F6F-A6E5-C98D7B413640}.Debug|Any CPU.ActiveCfg = Debug|Any CPU
		{2D4BF8AF-4E3F-4F6F-A6E5-C98D7B413640}.Debug|Any CPU.Build.0 = Debug|Any CPU
		{2D4BF8AF-4E3F-4F6F-A6E5-C98D7B413640}.Release|Any CPU.ActiveCfg = Release|Any CPU
		{2D4BF8AF-4E3F-4F6F-A6E5-C98D7B413640}.Release|Any CPU.Build.0 = Release|Any CPU
	EndGlobalSection
	GlobalSection(NestedProjects) = preSolution
		{B21EB9B7-8D6A-4722-A6C7-D9BFCE40C6D3} = {8E79883F-D3B2-4F85-B0A8-5A7A8E592B09}
		{A939A2FC-7F35-4FE1-ABDD-4A47C8B23571} = {81DDAB13-9D8D-42F8-94C7-F5D694D39063}
		{2D4BF8AF-4E3F-4F6F-A6E5-C98D7B413640} = {C0A0B5A4-D7E2-4B10-9C9A-C4833D1D5B2E}
	EndGlobalSection
EndGlobal 